hash: 314775c6285fc8852bae93aad9ecf09b49e1c6b83e0aebd9d8f7f99424864a95
updated: 2018-04-01T15:32:17.178674+09:00
imports:
- name: github.com/BurntSushi/toml
  version: bbd5bb678321a0d6e58f1099321dfa73391c1b6f
- name: github.com/gocarina/gocsv
  version: a5c9099e2484f1551abb9433885e158610a25f4b
- name: github.com/mattn/go-zglob
  version: 95345c4e1c0ebc9d16a3284177f09360f4d20fab
  subpackages:
  - fastwalk
- name: github.com/ziutek/rrd
  version: 9b5311f435c8f7e62f71ffe15b4566e6cf840738
testImports: []
